# This file is generated by running "yarn install" inside your project.
# Manual changes might be lost - proceed with caution!

__metadata:
  version: 8
  cacheKey: 10c0

"@codemirror/autocomplete@npm:^6.0.0, @codemirror/autocomplete@npm:^6.7.1":
  version: 6.20.2
  resolution: "@codemirror/autocomplete@npm:6.20.2"
  dependencies:
    "@codemirror/language": "npm:^6.0.0"
    "@codemirror/state": "npm:^6.0.0"
    "@codemirror/view": "npm:^6.17.0"
    "@lezer/common": "npm:^1.0.0"
  checksum: 10c0/13d4fd642cf3ecdfab3056f56bf718378fc8ad609674c667ed8c595a183725477556aea062c3c80f1f5629e347152f76da29056f260d5e13ee13c555c4661cd1
  languageName: node
  linkType: hard

"@codemirror/commands@npm:^6.0.0":
  version: 6.10.3
  resolution: "@codemirror/commands@npm:6.10.3"
  dependencies:
    "@codemirror/language": "npm:^6.0.0"
    "@codemirror/state": "npm:^6.6.0"
    "@codemirror/view": "npm:^6.27.0"
    "@lezer/common": "npm:^1.1.0"
  checksum: 10c0/43db9eb5a2aeb09c9714e107a3a4960d16b56879b5dbdbd382a2b0a12bb79cd46c70ff933cea763aeb9b9d218d21e8faa6989d9bd247dfd949f6c373f6847261
  languageName: node
  linkType: hard

"@codemirror/lang-css@npm:^6.0.0, @codemirror/lang-css@npm:^6.3.1":
  version: 6.3.1
  resolution: "@codemirror/lang-css@npm:6.3.1"
  dependencies:
    "@codemirror/autocomplete": "npm:^6.0.0"
    "@codemirror/language": "npm:^6.0.0"
    "@codemirror/state": "npm:^6.0.0"
    "@lezer/common": "npm:^1.0.2"
    "@lezer/css": "npm:^1.1.7"
  checksum: 10c0/339387c5a1b90076ae41017e66d7da70dd2aca4e5e4d012c95df33d0f6e740410cf1fb53c4845e3814636d587ce6eff05ebca3173dcfc564a1f646d24f299180
  languageName: node
  linkType: hard

"@codemirror/lang-html@npm:^6.0.0, @codemirror/lang-html@npm:^6.4.11":
  version: 6.4.11
  resolution: "@codemirror/lang-html@npm:6.4.11"
  dependencies:
    "@codemirror/autocomplete": "npm:^6.0.0"
    "@codemirror/lang-css": "npm:^6.0.0"
    "@codemirror/lang-javascript": "npm:^6.0.0"
    "@codemirror/language": "npm:^6.4.0"
    "@codemirror/state": "npm:^6.0.0"
    "@codemirror/view": "npm:^6.17.0"
    "@lezer/common": "npm:^1.0.0"
    "@lezer/css": "npm:^1.1.0"
    "@lezer/html": "npm:^1.3.12"
  checksum: 10c0/d117b5c91377dd81e6551cbfaf881138787826c0d0c90fc2a7a69550decfc49af193ec1cd5c12b90d91de1acf09c42d4c5fec5bea848d354246b4ec778a4a88f
  languageName: node
  linkType: hard

"@codemirror/lang-javascript@npm:^6.0.0, @codemirror/lang-javascript@npm:^6.2.5":
  version: 6.2.5
  resolution: "@codemirror/lang-javascript@npm:6.2.5"
  dependencies:
    "@codemirror/autocomplete": "npm:^6.0.0"
    "@codemirror/language": "npm:^6.6.0"
    "@codemirror/lint": "npm:^6.0.0"
    "@codemirror/state": "npm:^6.0.0"
    "@codemirror/view": "npm:^6.17.0"
    "@lezer/common": "npm:^1.0.0"
    "@lezer/javascript": "npm:^1.0.0"
  checksum: 10c0/a9b10c58ad9dbcc54e17a641a114fc7718e362281dc9533828ed2a3a09270eb5677febb4ddad6d0cc2c439496f0ba0b7aa893d08de0b1ddc44df5c9ab0d7d299
  languageName: node
  linkType: hard

"@codemirror/lang-json@npm:^6.0.2":
  version: 6.0.2
  resolution: "@codemirror/lang-json@npm:6.0.2"
  dependencies:
    "@codemirror/language": "npm:^6.0.0"
    "@lezer/json": "npm:^1.0.0"
  checksum: 10c0/4a36022226557d0571c143f907638eb2d46c0f7cf96c6d9a86dac397a789efa2b387e3dd3df94bac21e27692892443b24f8129c044c9012df66e68f5080745b0
  languageName: node
  linkType: hard

"@codemirror/lang-markdown@npm:^6.5.0":
  version: 6.5.0
  resolution: "@codemirror/lang-markdown@npm:6.5.0"
  dependencies:
    "@codemirror/autocomplete": "npm:^6.7.1"
    "@codemirror/lang-html": "npm:^6.0.0"
    "@codemirror/language": "npm:^6.3.0"
    "@codemirror/state": "npm:^6.0.0"
    "@codemirror/view": "npm:^6.0.0"
    "@lezer/common": "npm:^1.2.1"
    "@lezer/markdown": "npm:^1.0.0"
  checksum: 10c0/b026997bca821d5faf62808bf125674c182a82090706f4b7250ea80d4e8e00a88c2783230b391950110e4f92eba773556b5361f6b65c705cf775f2458c6ff7b7
  languageName: node
  linkType: hard

"@codemirror/language@npm:^6.0.0, @codemirror/language@npm:^6.3.0, @codemirror/language@npm:^6.4.0, @codemirror/language@npm:^6.6.0":
  version: 6.12.3
  resolution: "@codemirror/language@npm:6.12.3"
  dependencies:
    "@codemirror/state": "npm:^6.0.0"
    "@codemirror/view": "npm:^6.23.0"
    "@lezer/common": "npm:^1.5.0"
    "@lezer/highlight": "npm:^1.0.0"
    "@lezer/lr": "npm:^1.0.0"
    style-mod: "npm:^4.0.0"
  checksum: 10c0/682d476f35f187a8d2f59f9b2e561045353c87736e5774b5b8dd22ade7deb3c85b9d3cdde988b00aafb345732144c134adf45dadab067430aaee159abcc456a4
  languageName: node
  linkType: hard

"@codemirror/lint@npm:^6.0.0":
  version: 6.9.6
  resolution: "@codemirror/lint@npm:6.9.6"
  dependencies:
    "@codemirror/state": "npm:^6.0.0"
    "@codemirror/view": "npm:^6.42.0"
    crelt: "npm:^1.0.5"
  checksum: 10c0/6b79d04e7a05ecda934b4e4fc465688a044661eb5086b60911a40755e5bfd612f843d87f6a45e2a2e294da9aac172e8b603da0e87b0e5ba364a9cce6560113ec
  languageName: node
  linkType: hard

"@codemirror/search@npm:^6.0.0":
  version: 6.7.0
  resolution: "@codemirror/search@npm:6.7.0"
  dependencies:
    "@codemirror/state": "npm:^6.0.0"
    "@codemirror/view": "npm:^6.37.0"
    crelt: "npm:^1.0.5"
  checksum: 10c0/eaf34f62d37e89d6df89be4a7728e9533e7995eb38bd65deb1db8661afb5be4db02fa334110726ae5a02cc5e7b3ff9692223651fa293dff122af76d624130231
  languageName: node
  linkType: hard

"@codemirror/state@npm:^6.0.0, @codemirror/state@npm:^6.6.0":
  version: 6.6.0
  resolution: "@codemirror/state@npm:6.6.0"
  dependencies:
    "@marijn/find-cluster-break": "npm:^1.0.0"
  checksum: 10c0/4e5d6ddd28fc642e8d749fe80a7dd278afd547e4d93c562eaab6f23bdf25bb12a94226db3efab6321d458c531eb6d357184809f3704aee419fe3230d53f16e24
  languageName: node
  linkType: hard

"@codemirror/view@npm:^6.0.0, @codemirror/view@npm:^6.17.0, @codemirror/view@npm:^6.23.0, @codemirror/view@npm:^6.27.0, @codemirror/view@npm:^6.37.0, @codemirror/view@npm:^6.42.0":
  version: 6.43.0
  resolution: "@codemirror/view@npm:6.43.0"
  dependencies:
    "@codemirror/state": "npm:^6.6.0"
    crelt: "npm:^1.0.6"
    style-mod: "npm:^4.1.0"
    w3c-keyname: "npm:^2.2.4"
  checksum: 10c0/87d0db936c1148bd573994062d9109b284e1dc023af1db3490c6f27043cd840f91b63b56adfd6763a71c6ac17b9cd98adda92d41cae6d209efe5bc5133c689a3
  languageName: node
  linkType: hard

"@dgck81lnn/codemirror-lnn@workspace:.":
  version: 0.0.0-use.local
  resolution: "@dgck81lnn/codemirror-lnn@workspace:."
  dependencies:
    "@codemirror/lang-css": "npm:^6.3.1"
    "@codemirror/lang-html": "npm:^6.4.11"
    "@codemirror/lang-javascript": "npm:^6.2.5"
    "@codemirror/lang-json": "npm:^6.0.2"
    "@codemirror/lang-markdown": "npm:^6.5.0"
    codemirror: "npm:^6.0.2"
    esbuild: "npm:^0.28.0"
  languageName: unknown
  linkType: soft

"@esbuild/aix-ppc64@npm:0.28.0":
  version: 0.28.0
  resolution: "@esbuild/aix-ppc64@npm:0.28.0"
  conditions: os=aix & cpu=ppc64
  languageName: node
  linkType: hard

"@esbuild/android-arm64@npm:0.28.0":
  version: 0.28.0
  resolution: "@esbuild/android-arm64@npm:0.28.0"
  conditions: os=android & cpu=arm64
  languageName: node
  linkType: hard

"@esbuild/android-arm@npm:0.28.0":
  version: 0.28.0
  resolution: "@esbuild/android-arm@npm:0.28.0"
  conditions: os=android & cpu=arm
  languageName: node
  linkType: hard

"@esbuild/android-x64@npm:0.28.0":
  version: 0.28.0
  resolution: "@esbuild/android-x64@npm:0.28.0"
  conditions: os=android & cpu=x64
  languageName: node
  linkType: hard

"@esbuild/darwin-arm64@npm:0.28.0":
  version: 0.28.0
  resolution: "@esbuild/darwin-arm64@npm:0.28.0"
  conditions: os=darwin & cpu=arm64
  languageName: node
  linkType: hard

"@esbuild/darwin-x64@npm:0.28.0":
  version: 0.28.0
  resolution: "@esbuild/darwin-x64@npm:0.28.0"
  conditions: os=darwin & cpu=x64
  languageName: node
  linkType: hard

"@esbuild/freebsd-arm64@npm:0.28.0":
  version: 0.28.0
  resolution: "@esbuild/freebsd-arm64@npm:0.28.0"
  conditions: os=freebsd & cpu=arm64
  languageName: node
  linkType: hard

"@esbuild/freebsd-x64@npm:0.28.0":
  version: 0.28.0
  resolution: "@esbuild/freebsd-x64@npm:0.28.0"
  conditions: os=freebsd & cpu=x64
  languageName: node
  linkType: hard

"@esbuild/linux-arm64@npm:0.28.0":
  version: 0.28.0
  resolution: "@esbuild/linux-arm64@npm:0.28.0"
  conditions: os=linux & cpu=arm64
  languageName: node
  linkType: hard

"@esbuild/linux-arm@npm:0.28.0":
  version: 0.28.0
  resolution: "@esbuild/linux-arm@npm:0.28.0"
  conditions: os=linux & cpu=arm
  languageName: node
  linkType: hard

"@esbuild/linux-ia32@npm:0.28.0":
  version: 0.28.0
  resolution: "@esbuild/linux-ia32@npm:0.28.0"
  conditions: os=linux & cpu=ia32
  languageName: node
  linkType: hard

"@esbuild/linux-loong64@npm:0.28.0":
  version: 0.28.0
  resolution: "@esbuild/linux-loong64@npm:0.28.0"
  conditions: os=linux & cpu=loong64
  languageName: node
  linkType: hard

"@esbuild/linux-mips64el@npm:0.28.0":
  version: 0.28.0
  resolution: "@esbuild/linux-mips64el@npm:0.28.0"
  conditions: os=linux & cpu=mips64el
  languageName: node
  linkType: hard

"@esbuild/linux-ppc64@npm:0.28.0":
  version: 0.28.0
  resolution: "@esbuild/linux-ppc64@npm:0.28.0"
  conditions: os=linux & cpu=ppc64
  languageName: node
  linkType: hard

"@esbuild/linux-riscv64@npm:0.28.0":
  version: 0.28.0
  resolution: "@esbuild/linux-riscv64@npm:0.28.0"
  conditions: os=linux & cpu=riscv64
  languageName: node
  linkType: hard

"@esbuild/linux-s390x@npm:0.28.0":
  version: 0.28.0
  resolution: "@esbuild/linux-s390x@npm:0.28.0"
  conditions: os=linux & cpu=s390x
  languageName: node
  linkType: hard

"@esbuild/linux-x64@npm:0.28.0":
  version: 0.28.0
  resolution: "@esbuild/linux-x64@npm:0.28.0"
  conditions: os=linux & cpu=x64
  languageName: node
  linkType: hard

"@esbuild/netbsd-arm64@npm:0.28.0":
  version: 0.28.0
  resolution: "@esbuild/netbsd-arm64@npm:0.28.0"
  conditions: os=netbsd & cpu=arm64
  languageName: node
  linkType: hard

"@esbuild/netbsd-x64@npm:0.28.0":
  version: 0.28.0
  resolution: "@esbuild/netbsd-x64@npm:0.28.0"
  conditions: os=netbsd & cpu=x64
  languageName: node
  linkType: hard

"@esbuild/openbsd-arm64@npm:0.28.0":
  version: 0.28.0
  resolution: "@esbuild/openbsd-arm64@npm:0.28.0"
  conditions: os=openbsd & cpu=arm64
  languageName: node
  linkType: hard

"@esbuild/openbsd-x64@npm:0.28.0":
  version: 0.28.0
  resolution: "@esbuild/openbsd-x64@npm:0.28.0"
  conditions: os=openbsd & cpu=x64
  languageName: node
  linkType: hard

"@esbuild/openharmony-arm64@npm:0.28.0":
  version: 0.28.0
  resolution: "@esbuild/openharmony-arm64@npm:0.28.0"
  conditions: os=openharmony & cpu=arm64
  languageName: node
  linkType: hard

"@esbuild/sunos-x64@npm:0.28.0":
  version: 0.28.0
  resolution: "@esbuild/sunos-x64@npm:0.28.0"
  conditions: os=sunos & cpu=x64
  languageName: node
  linkType: hard

"@esbuild/win32-arm64@npm:0.28.0":
  version: 0.28.0
  resolution: "@esbuild/win32-arm64@npm:0.28.0"
  conditions: os=win32 & cpu=arm64
  languageName: node
  linkType: hard

"@esbuild/win32-ia32@npm:0.28.0":
  version: 0.28.0
  resolution: "@esbuild/win32-ia32@npm:0.28.0"
  conditions: os=win32 & cpu=ia32
  languageName: node
  linkType: hard

"@esbuild/win32-x64@npm:0.28.0":
  version: 0.28.0
  resolution: "@esbuild/win32-x64@npm:0.28.0"
  conditions: os=win32 & cpu=x64
  languageName: node
  linkType: hard

"@lezer/common@npm:^1.0.0, @lezer/common@npm:^1.0.2, @lezer/common@npm:^1.1.0, @lezer/common@npm:^1.2.0, @lezer/common@npm:^1.2.1, @lezer/common@npm:^1.3.0, @lezer/common@npm:^1.5.0":
  version: 1.5.2
  resolution: "@lezer/common@npm:1.5.2"
  checksum: 10c0/e39b46d74899409eab549df7942f00cd8c7f46c81ef0e2f079654ca96d262fca009927328bcd500d69270f5f09986e74768bed19c0acaadbd22f1a6c7dd9bd85
  languageName: node
  linkType: hard

"@lezer/css@npm:^1.1.0, @lezer/css@npm:^1.1.7":
  version: 1.3.3
  resolution: "@lezer/css@npm:1.3.3"
  dependencies:
    "@lezer/common": "npm:^1.2.0"
    "@lezer/highlight": "npm:^1.0.0"
    "@lezer/lr": "npm:^1.3.0"
  checksum: 10c0/346a13365c56b7116d67ccd5f2f56191c4616bf79a8cb006ffba0baac0148b07a2d3f272d405de27e7287e4bdadbe6322ec8a85dd9f70b59a1c21d7d937fef0b
  languageName: node
  linkType: hard

"@lezer/highlight@npm:^1.0.0, @lezer/highlight@npm:^1.1.3":
  version: 1.2.3
  resolution: "@lezer/highlight@npm:1.2.3"
  dependencies:
    "@lezer/common": "npm:^1.3.0"
  checksum: 10c0/3bcb4fce7a1a45b5973895d7cb2be47970a0098700f2a0970aef9878ffd37f540285a2d7388ec1f524726ec90cc5196b5701bbb9764b7e7300786d772b7d2ce2
  languageName: node
  linkType: hard

"@lezer/html@npm:^1.3.12":
  version: 1.3.13
  resolution: "@lezer/html@npm:1.3.13"
  dependencies:
    "@lezer/common": "npm:^1.2.0"
    "@lezer/highlight": "npm:^1.0.0"
    "@lezer/lr": "npm:^1.0.0"
  checksum: 10c0/d8784fc2ef2bd5d583db7e144bfea09287f02e58cf3c2ae4dbed031debe00424797016d8b5234586d2099d8b69d35ee19a2d671f87a6316ca67bc425ada26c7b
  languageName: node
  linkType: hard

"@lezer/javascript@npm:^1.0.0":
  version: 1.5.4
  resolution: "@lezer/javascript@npm:1.5.4"
  dependencies:
    "@lezer/common": "npm:^1.2.0"
    "@lezer/highlight": "npm:^1.1.3"
    "@lezer/lr": "npm:^1.3.0"
  checksum: 10c0/77b97c546d3661223ce77af15192efad42585d01e46022222273cd0c1cb20df8063d266037ae67774f051a6cb72db49804b6a46b06b926ee541807ef01741f6a
  languageName: node
  linkType: hard

"@lezer/json@npm:^1.0.0":
  version: 1.0.3
  resolution: "@lezer/json@npm:1.0.3"
  dependencies:
    "@lezer/common": "npm:^1.2.0"
    "@lezer/highlight": "npm:^1.0.0"
    "@lezer/lr": "npm:^1.0.0"
  checksum: 10c0/e91c957cc0825e927b55fbcd233d7ee0b39f9c2a89d9475489f394b7eba2b59e5f480d157a12d5cd6ae6f14bc99f9ccd8e8113baad498199ef1b13c49105f546
  languageName: node
  linkType: hard

"@lezer/lr@npm:^1.0.0, @lezer/lr@npm:^1.3.0":
  version: 1.4.10
  resolution: "@lezer/lr@npm:1.4.10"
  dependencies:
    "@lezer/common": "npm:^1.0.0"
  checksum: 10c0/15fac0ecc02a57f111432808c89f7cfb9fed0d78d0a98742607acb5859220a9c18526dd6d509d9fe17f5ef762aa73ce29fa6b930739abb857c1df8949a9003ea
  languageName: node
  linkType: hard

"@lezer/markdown@npm:^1.0.0":
  version: 1.6.3
  resolution: "@lezer/markdown@npm:1.6.3"
  dependencies:
    "@lezer/common": "npm:^1.5.0"
    "@lezer/highlight": "npm:^1.0.0"
  checksum: 10c0/00a1beb4119d76a66c08eee1e771529640b93144da5c63145e775fa5f08f244d35a11978d8af1d1d20f24685f738a51b1a69c01c4741cec54f85f6559a4dad82
  languageName: node
  linkType: hard

"@marijn/find-cluster-break@npm:^1.0.0":
  version: 1.0.2
  resolution: "@marijn/find-cluster-break@npm:1.0.2"
  checksum: 10c0/1a17a60b16083cc5f7ce89d7b7d8aa87ce4099723e3e9e34e229ef2cd8a980e69d481ca8ee90ffedfec5119af1aed581642fb60ed0365e7e90634c81ea6b630f
  languageName: node
  linkType: hard

"codemirror@npm:^6.0.2":
  version: 6.0.2
  resolution: "codemirror@npm:6.0.2"
  dependencies:
    "@codemirror/autocomplete": "npm:^6.0.0"
    "@codemirror/commands": "npm:^6.0.0"
    "@codemirror/language": "npm:^6.0.0"
    "@codemirror/lint": "npm:^6.0.0"
    "@codemirror/search": "npm:^6.0.0"
    "@codemirror/state": "npm:^6.0.0"
    "@codemirror/view": "npm:^6.0.0"
  checksum: 10c0/8d198d8aebc32e56c966ac57b0fe8f832b7d601a2f62819ba3a294570233982bf4d5b499a764194b6b26dbc5313a156c2611cbc542234ea6eae6accf07a651ab
  languageName: node
  linkType: hard

"crelt@npm:^1.0.5, crelt@npm:^1.0.6":
  version: 1.0.6
  resolution: "crelt@npm:1.0.6"
  checksum: 10c0/e0fb76dff50c5eb47f2ea9b786c17f9425c66276025adee80876bdbf4a84ab72e899e56d3928431ab0cb057a105ef704df80fe5726ef0f7b1658f815521bdf09
  languageName: node
  linkType: hard

"esbuild@npm:^0.28.0":
  version: 0.28.0
  resolution: "esbuild@npm:0.28.0"
  dependencies:
    "@esbuild/aix-ppc64": "npm:0.28.0"
    "@esbuild/android-arm": "npm:0.28.0"
    "@esbuild/android-arm64": "npm:0.28.0"
    "@esbuild/android-x64": "npm:0.28.0"
    "@esbuild/darwin-arm64": "npm:0.28.0"
    "@esbuild/darwin-x64": "npm:0.28.0"
    "@esbuild/freebsd-arm64": "npm:0.28.0"
    "@esbuild/freebsd-x64": "npm:0.28.0"
    "@esbuild/linux-arm": "npm:0.28.0"
    "@esbuild/linux-arm64": "npm:0.28.0"
    "@esbuild/linux-ia32": "npm:0.28.0"
    "@esbuild/linux-loong64": "npm:0.28.0"
    "@esbuild/linux-mips64el": "npm:0.28.0"
    "@esbuild/linux-ppc64": "npm:0.28.0"
    "@esbuild/linux-riscv64": "npm:0.28.0"
    "@esbuild/linux-s390x": "npm:0.28.0"
    "@esbuild/linux-x64": "npm:0.28.0"
    "@esbuild/netbsd-arm64": "npm:0.28.0"
    "@esbuild/netbsd-x64": "npm:0.28.0"
    "@esbuild/openbsd-arm64": "npm:0.28.0"
    "@esbuild/openbsd-x64": "npm:0.28.0"
    "@esbuild/openharmony-arm64": "npm:0.28.0"
    "@esbuild/sunos-x64": "npm:0.28.0"
    "@esbuild/win32-arm64": "npm:0.28.0"
    "@esbuild/win32-ia32": "npm:0.28.0"
    "@esbuild/win32-x64": "npm:0.28.0"
  dependenciesMeta:
    "@esbuild/aix-ppc64":
      optional: true
    "@esbuild/android-arm":
      optional: true
    "@esbuild/android-arm64":
      optional: true
    "@esbuild/android-x64":
      optional: true
    "@esbuild/darwin-arm64":
      optional: true
    "@esbuild/darwin-x64":
      optional: true
    "@esbuild/freebsd-arm64":
      optional: true
    "@esbuild/freebsd-x64":
      optional: true
    "@esbuild/linux-arm":
      optional: true
    "@esbuild/linux-arm64":
      optional: true
    "@esbuild/linux-ia32":
      optional: true
    "@esbuild/linux-loong64":
      optional: true
    "@esbuild/linux-mips64el":
      optional: true
    "@esbuild/linux-ppc64":
      optional: true
    "@esbuild/linux-riscv64":
      optional: true
    "@esbuild/linux-s390x":
      optional: true
    "@esbuild/linux-x64":
      optional: true
    "@esbuild/netbsd-arm64":
      optional: true
    "@esbuild/netbsd-x64":
      optional: true
    "@esbuild/openbsd-arm64":
      optional: true
    "@esbuild/openbsd-x64":
      optional: true
    "@esbuild/openharmony-arm64":
      optional: true
    "@esbuild/sunos-x64":
      optional: true
    "@esbuild/win32-arm64":
      optional: true
    "@esbuild/win32-ia32":
      optional: true
    "@esbuild/win32-x64":
      optional: true
  bin:
    esbuild: bin/esbuild
  checksum: 10c0/8acd95c238ec6c4a9d16163277faf228a8994b642d187b3fe667ffbb469008e6748cde144fdc3c175bf8e78ee49e15a0ed9b9f183fdb5fcea1772f87fb1372a4
  languageName: node
  linkType: hard

"style-mod@npm:^4.0.0, style-mod@npm:^4.1.0":
  version: 4.1.3
  resolution: "style-mod@npm:4.1.3"
  checksum: 10c0/36059006ea73cd96242ca8be06b625522d488bf8caca9c18436edf77092183381f08109577a4b3d35482f3395231099f195dbc854a46ce507fbf75c484f2cfcc
  languageName: node
  linkType: hard

"w3c-keyname@npm:^2.2.4":
  version: 2.2.8
  resolution: "w3c-keyname@npm:2.2.8"
  checksum: 10c0/37cf335c90efff31672ebb345577d681e2177f7ff9006a9ad47c68c5a9d265ba4a7b39d6c2599ceea639ca9315584ce4bd9c9fbf7a7217bfb7a599e71943c4c4
  languageName: node
  linkType: hard
