# This file is generated by running "yarn install" inside your project.
# Manual changes might be lost - proceed with caution!

__metadata:
  version: 6
  cacheKey: 8

"@codemirror/autocomplete@npm:^6.0.0, @codemirror/autocomplete@npm:^6.7.1":
  version: 6.20.2
  resolution: "@codemirror/autocomplete@npm:6.20.2"
  dependencies:
    "@codemirror/language": "npm:^6.0.0"
    "@codemirror/state": "npm:^6.0.0"
    "@codemirror/view": "npm:^6.17.0"
    "@lezer/common": "npm:^1.0.0"
  checksum: 1c8f7604ddf1a46f7bdbbdf2c6ea7103bdf3152b20115fb3bb77002e3537fffc5aba93830b1f3ca494abdd8c6ed29274a6928f96c77e8768699145058e8a1ac3
  languageName: node
  linkType: hard

"@codemirror/commands@npm:^6.0.0":
  version: 6.10.3
  resolution: "@codemirror/commands@npm:6.10.3"
  dependencies:
    "@codemirror/language": "npm:^6.0.0"
    "@codemirror/state": "npm:^6.6.0"
    "@codemirror/view": "npm:^6.27.0"
    "@lezer/common": "npm:^1.1.0"
  checksum: 8a7c6583819989f553c00d3ea137c656d371d026d0bb8791b330f9a0b1c589285c8a944320f7418483f1c6d4381555fe1306680eaa9e9b93b0effd34665e1a4f
  languageName: node
  linkType: hard

"@codemirror/lang-css@npm:^6.0.0, @codemirror/lang-css@npm:^6.3.1":
  version: 6.3.1
  resolution: "@codemirror/lang-css@npm:6.3.1"
  dependencies:
    "@codemirror/autocomplete": "npm:^6.0.0"
    "@codemirror/language": "npm:^6.0.0"
    "@codemirror/state": "npm:^6.0.0"
    "@lezer/common": "npm:^1.0.2"
    "@lezer/css": "npm:^1.1.7"
  checksum: ed175d75d75bc0a059d1e60b3dcd8464d570da14fc97388439943c9c43e1e9146e37b83fe2ccaad9cd387420b7b411ea1d24ede78ecd1f2045a38acbb4dd36bc
  languageName: node
  linkType: hard

"@codemirror/lang-html@npm:^6.0.0, @codemirror/lang-html@npm:^6.4.11":
  version: 6.4.11
  resolution: "@codemirror/lang-html@npm:6.4.11"
  dependencies:
    "@codemirror/autocomplete": "npm:^6.0.0"
    "@codemirror/lang-css": "npm:^6.0.0"
    "@codemirror/lang-javascript": "npm:^6.0.0"
    "@codemirror/language": "npm:^6.4.0"
    "@codemirror/state": "npm:^6.0.0"
    "@codemirror/view": "npm:^6.17.0"
    "@lezer/common": "npm:^1.0.0"
    "@lezer/css": "npm:^1.1.0"
    "@lezer/html": "npm:^1.3.12"
  checksum: 31a16cc6be4daa58c6765274b9b7ba1bb54a4b0858d33d8ad1c7ec1bcb85920e3715a891f8cb27f5d9dfe87bbe00f0ddfbac5b04011374e15380b9cec7ba3c69
  languageName: node
  linkType: hard

"@codemirror/lang-javascript@npm:^6.0.0, @codemirror/lang-javascript@npm:^6.2.5":
  version: 6.2.5
  resolution: "@codemirror/lang-javascript@npm:6.2.5"
  dependencies:
    "@codemirror/autocomplete": "npm:^6.0.0"
    "@codemirror/language": "npm:^6.6.0"
    "@codemirror/lint": "npm:^6.0.0"
    "@codemirror/state": "npm:^6.0.0"
    "@codemirror/view": "npm:^6.17.0"
    "@lezer/common": "npm:^1.0.0"
    "@lezer/javascript": "npm:^1.0.0"
  checksum: 4f8007b2cb75fbc08568a89b57ee2996ba38966c6662dd635b9b0990a6b3044b3ce189e6b1f103f277e0d814b2afd5957d4ab1eaae0955fdab58328fd5a7e067
  languageName: node
  linkType: hard

"@codemirror/lang-json@npm:^6.0.2":
  version: 6.0.2
  resolution: "@codemirror/lang-json@npm:6.0.2"
  dependencies:
    "@codemirror/language": "npm:^6.0.0"
    "@lezer/json": "npm:^1.0.0"
  checksum: ccdf71a4f339b9e40310c40c4677c31b8bf2284291becc056b7d5b30382107cd7ab65f1a3c108331c0fc7b5fc7ec2e3fe6e5029957ff978d7b7bfb759f68d921
  languageName: node
  linkType: hard

"@codemirror/lang-markdown@npm:^6.5.0":
  version: 6.5.0
  resolution: "@codemirror/lang-markdown@npm:6.5.0"
  dependencies:
    "@codemirror/autocomplete": "npm:^6.7.1"
    "@codemirror/lang-html": "npm:^6.0.0"
    "@codemirror/language": "npm:^6.3.0"
    "@codemirror/state": "npm:^6.0.0"
    "@codemirror/view": "npm:^6.0.0"
    "@lezer/common": "npm:^1.2.1"
    "@lezer/markdown": "npm:^1.0.0"
  checksum: 15c6bf7eb800b73d77a2e202f08b2282230903d830111699f34a036e0ae334cf5edd65b29f45f138e305fb33a7a11f0ef111c2eaed948b10501e5e8deb7d6c47
  languageName: node
  linkType: hard

"@codemirror/language@npm:^6.0.0, @codemirror/language@npm:^6.3.0, @codemirror/language@npm:^6.4.0, @codemirror/language@npm:^6.6.0":
  version: 6.12.3
  resolution: "@codemirror/language@npm:6.12.3"
  dependencies:
    "@codemirror/state": "npm:^6.0.0"
    "@codemirror/view": "npm:^6.23.0"
    "@lezer/common": "npm:^1.5.0"
    "@lezer/highlight": "npm:^1.0.0"
    "@lezer/lr": "npm:^1.0.0"
    style-mod: "npm:^4.0.0"
  checksum: 338a063b2362d15aa55b7140072ff0e6a4adb5ece2e224f9b67744b140c2443b0282c79e546a484cf9e3c3f50e85d856fbac090f435952c64b606a2123d7a0dd
  languageName: node
  linkType: hard

"@codemirror/lint@npm:^6.0.0":
  version: 6.9.6
  resolution: "@codemirror/lint@npm:6.9.6"
  dependencies:
    "@codemirror/state": "npm:^6.0.0"
    "@codemirror/view": "npm:^6.42.0"
    crelt: "npm:^1.0.5"
  checksum: 52510d190fc2e0a7244a5b2e4a83abc71943822690bb808c56505c996321ec33efa5f30a140ef42c9cee9877c67ff782ee78ebb1efb522e9fea714bb693acb4e
  languageName: node
  linkType: hard

"@codemirror/search@npm:^6.0.0":
  version: 6.7.0
  resolution: "@codemirror/search@npm:6.7.0"
  dependencies:
    "@codemirror/state": "npm:^6.0.0"
    "@codemirror/view": "npm:^6.37.0"
    crelt: "npm:^1.0.5"
  checksum: 2abe3424738c02046f8720d02043c855c860d1a9a8210790cbe8e60ce87e1e461b64695ad5736bba78fc53a190c22d82a609dcbe02396d2089fce047e9a37d74
  languageName: node
  linkType: hard

"@codemirror/state@npm:^6.0.0, @codemirror/state@npm:^6.6.0":
  version: 6.6.0
  resolution: "@codemirror/state@npm:6.6.0"
  dependencies:
    "@marijn/find-cluster-break": "npm:^1.0.0"
  checksum: 9400f356ebff7089f552012b95c8d46cdecc952cc9561537b7ebd7ea44fe34da7e02cfdcf17efc28fb6354bd54ecd9db7ca25b4756595acfe56c547c63cedee8
  languageName: node
  linkType: hard

"@codemirror/view@npm:^6.0.0, @codemirror/view@npm:^6.17.0, @codemirror/view@npm:^6.23.0, @codemirror/view@npm:^6.27.0, @codemirror/view@npm:^6.37.0, @codemirror/view@npm:^6.42.0":
  version: 6.43.0
  resolution: "@codemirror/view@npm:6.43.0"
  dependencies:
    "@codemirror/state": "npm:^6.6.0"
    crelt: "npm:^1.0.6"
    style-mod: "npm:^4.1.0"
    w3c-keyname: "npm:^2.2.4"
  checksum: c5731ec8504ab824b79a138a12dd50c32fca7819e5f6a08b374bb7c29903baa76d9eaf2c2deb1d423bc0bff6d4d3383389ee326e202283b1ca6827b4651ea8ec
  languageName: node
  linkType: hard

"@dgck81lnn/codemirror-lnn@workspace:.":
  version: 0.0.0-use.local
  resolution: "@dgck81lnn/codemirror-lnn@workspace:."
  dependencies:
    "@codemirror/lang-css": ^6.3.1
    "@codemirror/lang-html": ^6.4.11
    "@codemirror/lang-javascript": ^6.2.5
    "@codemirror/lang-json": ^6.0.2
    "@codemirror/lang-markdown": ^6.5.0
    codemirror: ^6.0.2
    esbuild: ^0.28.0
  languageName: unknown
  linkType: soft

"@esbuild/aix-ppc64@npm:0.28.1":
  version: 0.28.1
  resolution: "@esbuild/aix-ppc64@npm:0.28.1"
  conditions: os=aix & cpu=ppc64
  languageName: node
  linkType: hard

"@esbuild/android-arm64@npm:0.28.1":
  version: 0.28.1
  resolution: "@esbuild/android-arm64@npm:0.28.1"
  conditions: os=android & cpu=arm64
  languageName: node
  linkType: hard

"@esbuild/android-arm@npm:0.28.1":
  version: 0.28.1
  resolution: "@esbuild/android-arm@npm:0.28.1"
  conditions: os=android & cpu=arm
  languageName: node
  linkType: hard

"@esbuild/android-x64@npm:0.28.1":
  version: 0.28.1
  resolution: "@esbuild/android-x64@npm:0.28.1"
  conditions: os=android & cpu=x64
  languageName: node
  linkType: hard

"@esbuild/darwin-arm64@npm:0.28.1":
  version: 0.28.1
  resolution: "@esbuild/darwin-arm64@npm:0.28.1"
  conditions: os=darwin & cpu=arm64
  languageName: node
  linkType: hard

"@esbuild/darwin-x64@npm:0.28.1":
  version: 0.28.1
  resolution: "@esbuild/darwin-x64@npm:0.28.1"
  conditions: os=darwin & cpu=x64
  languageName: node
  linkType: hard

"@esbuild/freebsd-arm64@npm:0.28.1":
  version: 0.28.1
  resolution: "@esbuild/freebsd-arm64@npm:0.28.1"
  conditions: os=freebsd & cpu=arm64
  languageName: node
  linkType: hard

"@esbuild/freebsd-x64@npm:0.28.1":
  version: 0.28.1
  resolution: "@esbuild/freebsd-x64@npm:0.28.1"
  conditions: os=freebsd & cpu=x64
  languageName: node
  linkType: hard

"@esbuild/linux-arm64@npm:0.28.1":
  version: 0.28.1
  resolution: "@esbuild/linux-arm64@npm:0.28.1"
  conditions: os=linux & cpu=arm64
  languageName: node
  linkType: hard

"@esbuild/linux-arm@npm:0.28.1":
  version: 0.28.1
  resolution: "@esbuild/linux-arm@npm:0.28.1"
  conditions: os=linux & cpu=arm
  languageName: node
  linkType: hard

"@esbuild/linux-ia32@npm:0.28.1":
  version: 0.28.1
  resolution: "@esbuild/linux-ia32@npm:0.28.1"
  conditions: os=linux & cpu=ia32
  languageName: node
  linkType: hard

"@esbuild/linux-loong64@npm:0.28.1":
  version: 0.28.1
  resolution: "@esbuild/linux-loong64@npm:0.28.1"
  conditions: os=linux & cpu=loong64
  languageName: node
  linkType: hard

"@esbuild/linux-mips64el@npm:0.28.1":
  version: 0.28.1
  resolution: "@esbuild/linux-mips64el@npm:0.28.1"
  conditions: os=linux & cpu=mips64el
  languageName: node
  linkType: hard

"@esbuild/linux-ppc64@npm:0.28.1":
  version: 0.28.1
  resolution: "@esbuild/linux-ppc64@npm:0.28.1"
  conditions: os=linux & cpu=ppc64
  languageName: node
  linkType: hard

"@esbuild/linux-riscv64@npm:0.28.1":
  version: 0.28.1
  resolution: "@esbuild/linux-riscv64@npm:0.28.1"
  conditions: os=linux & cpu=riscv64
  languageName: node
  linkType: hard

"@esbuild/linux-s390x@npm:0.28.1":
  version: 0.28.1
  resolution: "@esbuild/linux-s390x@npm:0.28.1"
  conditions: os=linux & cpu=s390x
  languageName: node
  linkType: hard

"@esbuild/linux-x64@npm:0.28.1":
  version: 0.28.1
  resolution: "@esbuild/linux-x64@npm:0.28.1"
  conditions: os=linux & cpu=x64
  languageName: node
  linkType: hard

"@esbuild/netbsd-arm64@npm:0.28.1":
  version: 0.28.1
  resolution: "@esbuild/netbsd-arm64@npm:0.28.1"
  conditions: os=netbsd & cpu=arm64
  languageName: node
  linkType: hard

"@esbuild/netbsd-x64@npm:0.28.1":
  version: 0.28.1
  resolution: "@esbuild/netbsd-x64@npm:0.28.1"
  conditions: os=netbsd & cpu=x64
  languageName: node
  linkType: hard

"@esbuild/openbsd-arm64@npm:0.28.1":
  version: 0.28.1
  resolution: "@esbuild/openbsd-arm64@npm:0.28.1"
  conditions: os=openbsd & cpu=arm64
  languageName: node
  linkType: hard

"@esbuild/openbsd-x64@npm:0.28.1":
  version: 0.28.1
  resolution: "@esbuild/openbsd-x64@npm:0.28.1"
  conditions: os=openbsd & cpu=x64
  languageName: node
  linkType: hard

"@esbuild/openharmony-arm64@npm:0.28.1":
  version: 0.28.1
  resolution: "@esbuild/openharmony-arm64@npm:0.28.1"
  conditions: os=openharmony & cpu=arm64
  languageName: node
  linkType: hard

"@esbuild/sunos-x64@npm:0.28.1":
  version: 0.28.1
  resolution: "@esbuild/sunos-x64@npm:0.28.1"
  conditions: os=sunos & cpu=x64
  languageName: node
  linkType: hard

"@esbuild/win32-arm64@npm:0.28.1":
  version: 0.28.1
  resolution: "@esbuild/win32-arm64@npm:0.28.1"
  conditions: os=win32 & cpu=arm64
  languageName: node
  linkType: hard

"@esbuild/win32-ia32@npm:0.28.1":
  version: 0.28.1
  resolution: "@esbuild/win32-ia32@npm:0.28.1"
  conditions: os=win32 & cpu=ia32
  languageName: node
  linkType: hard

"@esbuild/win32-x64@npm:0.28.1":
  version: 0.28.1
  resolution: "@esbuild/win32-x64@npm:0.28.1"
  conditions: os=win32 & cpu=x64
  languageName: node
  linkType: hard

"@lezer/common@npm:^1.0.0, @lezer/common@npm:^1.0.2, @lezer/common@npm:^1.1.0, @lezer/common@npm:^1.2.0, @lezer/common@npm:^1.2.1, @lezer/common@npm:^1.3.0, @lezer/common@npm:^1.5.0":
  version: 1.5.2
  resolution: "@lezer/common@npm:1.5.2"
  checksum: 765b56559a89b44ba6844d4c68dabc5923457f3cd61b4498ec5dbb7a1156644db03495a5fee2896193074a49b3a0c009c7426f93a69343957055a32bba1af372
  languageName: node
  linkType: hard

"@lezer/css@npm:^1.1.0, @lezer/css@npm:^1.1.7":
  version: 1.3.3
  resolution: "@lezer/css@npm:1.3.3"
  dependencies:
    "@lezer/common": "npm:^1.2.0"
    "@lezer/highlight": "npm:^1.0.0"
    "@lezer/lr": "npm:^1.3.0"
  checksum: a4bd7552d703be8cc08bf6092cc7c5870e00db78bbb8bcfc4c8aa1b54b919fb013924b332b3bf72c2263296a2df3af17e4dac7378000bf07ddc508d3ee7c311a
  languageName: node
  linkType: hard

"@lezer/highlight@npm:^1.0.0, @lezer/highlight@npm:^1.1.3":
  version: 1.2.3
  resolution: "@lezer/highlight@npm:1.2.3"
  dependencies:
    "@lezer/common": "npm:^1.3.0"
  checksum: 13b0d22d5dc2f3005baa7eed229bba8a61cee4ddeeb9e6a8cdff25fa3101db779c00b4c5d8f493ab2d60b296945a6cc4fe7e4846fece27b3fd2c2a1bfef79dad
  languageName: node
  linkType: hard

"@lezer/html@npm:^1.3.12":
  version: 1.3.13
  resolution: "@lezer/html@npm:1.3.13"
  dependencies:
    "@lezer/common": "npm:^1.2.0"
    "@lezer/highlight": "npm:^1.0.0"
    "@lezer/lr": "npm:^1.0.0"
  checksum: ac40bd187d724990c597ceb8f189ad2b0e1d310cb7652b3766c491d7f1e27a465cd0b1b2301c808b02698c6e2a106d939ba1a623702b1c98ae70254335d2b708
  languageName: node
  linkType: hard

"@lezer/javascript@npm:^1.0.0":
  version: 1.5.4
  resolution: "@lezer/javascript@npm:1.5.4"
  dependencies:
    "@lezer/common": "npm:^1.2.0"
    "@lezer/highlight": "npm:^1.1.3"
    "@lezer/lr": "npm:^1.3.0"
  checksum: 0b126907d5850fb2b29d199af67fc9c4864141f4d46b222878609dffb80f2a012028d9b3495d992f30d73fbc7ffe57ed2e35ff9cc1807cb512b807a51d4d0a03
  languageName: node
  linkType: hard

"@lezer/json@npm:^1.0.0":
  version: 1.0.3
  resolution: "@lezer/json@npm:1.0.3"
  dependencies:
    "@lezer/common": "npm:^1.2.0"
    "@lezer/highlight": "npm:^1.0.0"
    "@lezer/lr": "npm:^1.0.0"
  checksum: 48e7b945fdfa2b5b6f862e27bc31f3991cba93f18df7fed0059b25f119b64dedd50bbc709d279e16e2b3eee10e7758d7d80c6d98d21bc15c284809d268837897
  languageName: node
  linkType: hard

"@lezer/lr@npm:^1.0.0, @lezer/lr@npm:^1.3.0":
  version: 1.4.10
  resolution: "@lezer/lr@npm:1.4.10"
  dependencies:
    "@lezer/common": "npm:^1.0.0"
  checksum: 8689f4d6f14c4fe930f7adf264b0a2a62b78df39195f6547a52059e8dc84f4246177c122a6010cfbb9b5d71e8158cef705493841c7cee03ac2609d9dcf614838
  languageName: node
  linkType: hard

"@lezer/markdown@npm:^1.0.0":
  version: 1.6.3
  resolution: "@lezer/markdown@npm:1.6.3"
  dependencies:
    "@lezer/common": "npm:^1.5.0"
    "@lezer/highlight": "npm:^1.0.0"
  checksum: c4e692a12e2116c31b173fa277a8cf680f6c59535f66a4bac1ac802ddc98ae0cd4beb87edcb77705d10c7de96520318a45b5a833ed1eae5660109f97604ac618
  languageName: node
  linkType: hard

"@marijn/find-cluster-break@npm:^1.0.0":
  version: 1.0.2
  resolution: "@marijn/find-cluster-break@npm:1.0.2"
  checksum: 0d836de25e04d58325813401ef3c2d34caf040da985a5935fcbc9d84e7b47a21bdb15f57d70c2bf0960bd29ed3dbbb1afd00cdd0fc4fafbee7fd0ffe7d508ae1
  languageName: node
  linkType: hard

"codemirror@npm:^6.0.2":
  version: 6.0.2
  resolution: "codemirror@npm:6.0.2"
  dependencies:
    "@codemirror/autocomplete": "npm:^6.0.0"
    "@codemirror/commands": "npm:^6.0.0"
    "@codemirror/language": "npm:^6.0.0"
    "@codemirror/lint": "npm:^6.0.0"
    "@codemirror/search": "npm:^6.0.0"
    "@codemirror/state": "npm:^6.0.0"
    "@codemirror/view": "npm:^6.0.0"
  checksum: 3f3111ac586b499798f4f2e2e474cd06ff47dfaa8109077bad33e062fc4845ca362f7009ae73497930ef8d4e6110562da3e16d018553b0f99d4833dc4baf401c
  languageName: node
  linkType: hard

"crelt@npm:^1.0.5, crelt@npm:^1.0.6":
  version: 1.0.6
  resolution: "crelt@npm:1.0.6"
  checksum: dad842093371ad702afbc0531bfca2b0a8dd920b23a42f26e66dabbed9aad9acd5b9030496359545ef3937c3aced0fd4ac39f7a2d280a23ddf9eb7fdcb94a69f
  languageName: node
  linkType: hard

"esbuild@npm:^0.28.0":
  version: 0.28.1
  resolution: "esbuild@npm:0.28.1"
  dependencies:
    "@esbuild/aix-ppc64": 0.28.1
    "@esbuild/android-arm": 0.28.1
    "@esbuild/android-arm64": 0.28.1
    "@esbuild/android-x64": 0.28.1
    "@esbuild/darwin-arm64": 0.28.1
    "@esbuild/darwin-x64": 0.28.1
    "@esbuild/freebsd-arm64": 0.28.1
    "@esbuild/freebsd-x64": 0.28.1
    "@esbuild/linux-arm": 0.28.1
    "@esbuild/linux-arm64": 0.28.1
    "@esbuild/linux-ia32": 0.28.1
    "@esbuild/linux-loong64": 0.28.1
    "@esbuild/linux-mips64el": 0.28.1
    "@esbuild/linux-ppc64": 0.28.1
    "@esbuild/linux-riscv64": 0.28.1
    "@esbuild/linux-s390x": 0.28.1
    "@esbuild/linux-x64": 0.28.1
    "@esbuild/netbsd-arm64": 0.28.1
    "@esbuild/netbsd-x64": 0.28.1
    "@esbuild/openbsd-arm64": 0.28.1
    "@esbuild/openbsd-x64": 0.28.1
    "@esbuild/openharmony-arm64": 0.28.1
    "@esbuild/sunos-x64": 0.28.1
    "@esbuild/win32-arm64": 0.28.1
    "@esbuild/win32-ia32": 0.28.1
    "@esbuild/win32-x64": 0.28.1
  dependenciesMeta:
    "@esbuild/aix-ppc64":
      optional: true
    "@esbuild/android-arm":
      optional: true
    "@esbuild/android-arm64":
      optional: true
    "@esbuild/android-x64":
      optional: true
    "@esbuild/darwin-arm64":
      optional: true
    "@esbuild/darwin-x64":
      optional: true
    "@esbuild/freebsd-arm64":
      optional: true
    "@esbuild/freebsd-x64":
      optional: true
    "@esbuild/linux-arm":
      optional: true
    "@esbuild/linux-arm64":
      optional: true
    "@esbuild/linux-ia32":
      optional: true
    "@esbuild/linux-loong64":
      optional: true
    "@esbuild/linux-mips64el":
      optional: true
    "@esbuild/linux-ppc64":
      optional: true
    "@esbuild/linux-riscv64":
      optional: true
    "@esbuild/linux-s390x":
      optional: true
    "@esbuild/linux-x64":
      optional: true
    "@esbuild/netbsd-arm64":
      optional: true
    "@esbuild/netbsd-x64":
      optional: true
    "@esbuild/openbsd-arm64":
      optional: true
    "@esbuild/openbsd-x64":
      optional: true
    "@esbuild/openharmony-arm64":
      optional: true
    "@esbuild/sunos-x64":
      optional: true
    "@esbuild/win32-arm64":
      optional: true
    "@esbuild/win32-ia32":
      optional: true
    "@esbuild/win32-x64":
      optional: true
  bin:
    esbuild: bin/esbuild
  checksum: 2ada56fe421ac0720f71968c0ceb56cb534588ae2fbbe5aef2c9dbe195f0f61773ef7838ad07d48c2141d9e8b7d3de5fd39d0bb880860f2f6f77bf67671ed235
  languageName: node
  linkType: hard

"style-mod@npm:^4.0.0, style-mod@npm:^4.1.0":
  version: 4.1.3
  resolution: "style-mod@npm:4.1.3"
  checksum: 2372098b8747ea0d662084e88961f48d49796b2aca6f8f7de2546aa73059e869db1149325106eba37267afd9e7f97109be6679a6011c48ae1d5c0b6382a4d163
  languageName: node
  linkType: hard

"w3c-keyname@npm:^2.2.4":
  version: 2.2.8
  resolution: "w3c-keyname@npm:2.2.8"
  checksum: 95bafa4c04fa2f685a86ca1000069c1ec43ace1f8776c10f226a73296caeddd83f893db885c2c220ebeb6c52d424e3b54d7c0c1e963bbf204038ff1a944fbb07
  languageName: node
  linkType: hard
